
Microsoft Visual Studio Solution File, Format Version 12.00
# Visual Studio Version 17
VisualStudioVersion = 17.12.35527.113
MinimumVisualStudioVersion = 10.0.40219.1
Project("{FAE04EC0-301F-11D3-BF4B-00C04F79EFBC}") = "Sharp", "Sharp\Sharp.csproj", "{075AC3A9-FD3D-46BB-B449-2C904AC56E3E}"
EndProject
Project("{FAE04EC0-301F-11D3-BF4B-00C04F79EFBC}") = "SharpTests", "SharpTests\SharpTests.csproj", "{788E3D71-6331-42A0-A9E6-DF7B886BD466}"
EndProject
Project("{888888A0-9F3D-457C-B088-3A5042F75D52}") = "PythonCode", "PythonCode\PythonCode.pyproj", "{D05E7FEA-E30A-4EBD-8618-F2CB43279033}"
EndProject
Project("{8BC9CEB8-8B4A-11D0-8D11-00A0C91BC942}") = "CppCode", "CppCode\CppCode.vcxproj", "{C0BEACC3-7211-48CF-AF27-2596C35D79DA}"
EndProject
Project("{8BC9CEB8-8B4A-11D0-8D11-00A0C91BC942}") = "CppTest", "CppTest\CppTest.vcxproj", "{AF778DE5-48F9-461C-87E5-CBB2E701993A}"
EndProject
Global
	GlobalSection(SolutionConfigurationPlatforms) = preSolution
		Debug|Any CPU = Debug|Any CPU
		Debug|x64 = Debug|x64
		Debug|x86 = Debug|x86
		Release|Any CPU = Release|Any CPU
		Release|x64 = Release|x64
		Release|x86 = Release|x86
	EndGlobalSection
	GlobalSection(ProjectConfigurationPlatforms) = postSolution
		{075AC3A9-FD3D-46BB-B449-2C904AC56E3E}.Debug|Any CPU.ActiveCfg = Debug|Any CPU
		{075AC3A9-FD3D-46BB-B449-2C904AC56E3E}.Debug|Any CPU.Build.0 = Debug|Any CPU
		{075AC3A9-FD3D-46BB-B449-2C904AC56E3E}.Debug|x64.ActiveCfg = Debug|Any CPU
		{075AC3A9-FD3D-46BB-B449-2C904AC56E3E}.Debug|x64.Build.0 = Debug|Any CPU
		{075AC3A9-FD3D-46BB-B449-2C904AC56E3E}.Debug|x86.ActiveCfg = Debug|Any CPU
		{075AC3A9-FD3D-46BB-B449-2C904AC56E3E}.Debug|x86.Build.0 = Debug|Any CPU
		{075AC3A9-FD3D-46BB-B449-2C904AC56E3E}.Release|Any CPU.ActiveCfg = Release|Any CPU
		{075AC3A9-FD3D-46BB-B449-2C904AC56E3E}.Release|Any CPU.Build.0 = Release|Any CPU
		{075AC3A9-FD3D-46BB-B449-2C904AC56E3E}.Release|x64.ActiveCfg = Release|Any CPU
		{075AC3A9-FD3D-46BB-B449-2C904AC56E3E}.Release|x64.Build.0 = Release|Any CPU
		{075AC3A9-FD3D-46BB-B449-2C904AC56E3E}.Release|x86.ActiveCfg = Release|Any CPU
		{075AC3A9-FD3D-46BB-B449-2C904AC56E3E}.Release|x86.Build.0 = Release|Any CPU
		{788E3D71-6331-42A0-A9E6-DF7B886BD466}.Debug|Any CPU.ActiveCfg = Debug|Any CPU
		{788E3D71-6331-42A0-A9E6-DF7B886BD466}.Debug|Any CPU.Build.0 = Debug|Any CPU
		{788E3D71-6331-42A0-A9E6-DF7B886BD466}.Debug|x64.ActiveCfg = Debug|Any CPU
		{788E3D71-6331-42A0-A9E6-DF7B886BD466}.Debug|x64.Build.0 = Debug|Any CPU
		{788E3D71-6331-42A0-A9E6-DF7B886BD466}.Debug|x86.ActiveCfg = Debug|Any CPU
		{788E3D71-6331-42A0-A9E6-DF7B886BD466}.Debug|x86.Build.0 = Debug|Any CPU
		{788E3D71-6331-42A0-A9E6-DF7B886BD466}.Release|Any CPU.ActiveCfg = Release|Any CPU
		{788E3D71-6331-42A0-A9E6-DF7B886BD466}.Release|Any CPU.Build.0 = Release|Any CPU
		{788E3D71-6331-42A0-A9E6-DF7B886BD466}.Release|x64.ActiveCfg = Release|Any CPU
		{788E3D71-6331-42A0-A9E6-DF7B886BD466}.Release|x64.Build.0 = Release|Any CPU
		{788E3D71-6331-42A0-A9E6-DF7B886BD466}.Release|x86.ActiveCfg = Release|Any CPU
		{788E3D71-6331-42A0-A9E6-DF7B886BD466}.Release|x86.Build.0 = Release|Any CPU
		{D05E7FEA-E30A-4EBD-8618-F2CB43279033}.Debug|Any CPU.ActiveCfg = Debug|Any CPU
		{D05E7FEA-E30A-4EBD-8618-F2CB43279033}.Debug|x64.ActiveCfg = Debug|Any CPU
		{D05E7FEA-E30A-4EBD-8618-F2CB43279033}.Debug|x86.ActiveCfg = Debug|Any CPU
		{D05E7FEA-E30A-4EBD-8618-F2CB43279033}.Release|Any CPU.ActiveCfg = Release|Any CPU
		{D05E7FEA-E30A-4EBD-8618-F2CB43279033}.Release|x64.ActiveCfg = Release|Any CPU
		{D05E7FEA-E30A-4EBD-8618-F2CB43279033}.Release|x86.ActiveCfg = Release|Any CPU
		{C0BEACC3-7211-48CF-AF27-2596C35D79DA}.Debug|Any CPU.ActiveCfg = Debug|x64
		{C0BEACC3-7211-48CF-AF27-2596C35D79DA}.Debug|Any CPU.Build.0 = Debug|x64
		{C0BEACC3-7211-48CF-AF27-2596C35D79DA}.Debug|x64.ActiveCfg = Debug|x64
		{C0BEACC3-7211-48CF-AF27-2596C35D79DA}.Debug|x64.Build.0 = Debug|x64
		{C0BEACC3-7211-48CF-AF27-2596C35D79DA}.Debug|x86.ActiveCfg = Debug|Win32
		{C0BEACC3-7211-48CF-AF27-2596C35D79DA}.Debug|x86.Build.0 = Debug|Win32
		{C0BEACC3-7211-48CF-AF27-2596C35D79DA}.Release|Any CPU.ActiveCfg = Release|x64
		{C0BEACC3-7211-48CF-AF27-2596C35D79DA}.Release|Any CPU.Build.0 = Release|x64
		{C0BEACC3-7211-48CF-AF27-2596C35D79DA}.Release|x64.ActiveCfg = Release|x64
		{C0BEACC3-7211-48CF-AF27-2596C35D79DA}.Release|x64.Build.0 = Release|x64
		{C0BEACC3-7211-48CF-AF27-2596C35D79DA}.Release|x86.ActiveCfg = Release|Win32
		{C0BEACC3-7211-48CF-AF27-2596C35D79DA}.Release|x86.Build.0 = Release|Win32
		{AF778DE5-48F9-461C-87E5-CBB2E701993A}.Debug|Any CPU.ActiveCfg = Debug|x64
		{AF778DE5-48F9-461C-87E5-CBB2E701993A}.Debug|Any CPU.Build.0 = Debug|x64
		{AF778DE5-48F9-461C-87E5-CBB2E701993A}.Debug|x64.ActiveCfg = Debug|x64
		{AF778DE5-48F9-461C-87E5-CBB2E701993A}.Debug|x64.Build.0 = Debug|x64
		{AF778DE5-48F9-461C-87E5-CBB2E701993A}.Debug|x86.ActiveCfg = Debug|Win32
		{AF778DE5-48F9-461C-87E5-CBB2E701993A}.Debug|x86.Build.0 = Debug|Win32
		{AF778DE5-48F9-461C-87E5-CBB2E701993A}.Release|Any CPU.ActiveCfg = Release|x64
		{AF778DE5-48F9-461C-87E5-CBB2E701993A}.Release|Any CPU.Build.0 = Release|x64
		{AF778DE5-48F9-461C-87E5-CBB2E701993A}.Release|x64.ActiveCfg = Release|x64
		{AF778DE5-48F9-461C-87E5-CBB2E701993A}.Release|x64.Build.0 = Release|x64
		{AF778DE5-48F9-461C-87E5-CBB2E701993A}.Release|x86.ActiveCfg = Release|Win32
		{AF778DE5-48F9-461C-87E5-CBB2E701993A}.Release|x86.Build.0 = Release|Win32
	EndGlobalSection
	GlobalSection(SolutionProperties) = preSolution
		HideSolutionNode = FALSE
	EndGlobalSection
EndGlobal
